// !$*UTF8*$!
{
	archiveVersion = 1;
	classes = {
	};
	objectVersion = 46;
	objects = {

/* Begin PBXFileReference section */
		D2EA180E18340BAD003E7A30 /* Book.h */ = {isa = PBXFileReference; lastKnownFileType = sourcecode.c.h; path = Book.h; sourceTree = "<group>"; };
		D2EA180F18340BAD003E7A30 /* Book.m */ = {isa = PBXFileReference; lastKnownFileType = sourcecode.c.objc; path = Book.m; sourceTree = "<group>"; };
		D2EA1810183410DA003E7A30 /* Shelf.h */ = {isa = PBXFileReference; lastKnownFileType = sourcecode.c.h; path = Shelf.h; sourceTree = "<group>"; };
		D2EA1811183410DA003E7A30 /* Shelf.m */ = {isa = PBXFileReference; lastKnownFileType = sourcecode.c.objc; path = Shelf.m; sourceTree = "<group>"; };
		D2EA181218342374003E7A30 /* Library.h */ = {isa = PBXFileReference; lastKnownFileType = sourcecode.c.h; path = Library.h; sourceTree = "<group>"; };
		D2EA181318342374003E7A30 /* Library.m */ = {isa = PBXFileReference; lastKnownFileType = sourcecode.c.objc; path = Library.m; sourceTree = "<group>"; };
		D2EA181418343039003E7A30 /* main.m */ = {isa = PBXFileReference; lastKnownFileType = sourcecode.c.objc; path = main.m; sourceTree = "<group>"; };
/* End PBXFileReference section */

/* Begin PBXGroup section */
		D2EA180718340B86003E7A30 = {
			isa = PBXGroup;
			children = (
				D2EA181418343039003E7A30 /* main.m */,
				D2EA181218342374003E7A30 /* Library.h */,
				D2EA181318342374003E7A30 /* Library.m */,
				D2EA1810183410DA003E7A30 /* Shelf.h */,
				D2EA1811183410DA003E7A30 /* Shelf.m */,
				D2EA180E18340BAD003E7A30 /* Book.h */,
				D2EA180F18340BAD003E7A30 /* Book.m */,
			);
			sourceTree = "<group>";
		};
/* End PBXGroup section */

/* Begin PBXProject section */
		D2EA180818340B86003E7A30 /* Project object */ = {
			isa = PBXProject;
			attributes = {
				LastUpgradeCheck = 0500;
			};
			buildConfigurationList = D2EA180B18340B86003E7A30 /* Build configuration list for PBXProject "Public Library" */;
			compatibilityVersion = "Xcode 3.2";
			developmentRegion = English;
			hasScannedForEncodings = 0;
			knownRegions = (
				en,
			);
			mainGroup = D2EA180718340B86003E7A30;
			projectDirPath = "";
			projectRoot = "";
			targets = (
			);
		};
/* End PBXProject section */

/* Begin XCBuildConfiguration section */
		D2EA180C18340B86003E7A30 /* Debug */ = {
			isa = XCBuildConfiguration;
			buildSettings = {
			};
			name = Debug;
		};
		D2EA180D18340B86003E7A30 /* Release */ = {
			isa = XCBuildConfiguration;
			buildSettings = {
			};
			name = Release;
		};
/* End XCBuildConfiguration section */

/* Begin XCConfigurationList section */
		D2EA180B18340B86003E7A30 /* Build configuration list for PBXProject "Public Library" */ = {
			isa = XCConfigurationList;
			buildConfigurations = (
				D2EA180C18340B86003E7A30 /* Debug */,
				D2EA180D18340B86003E7A30 /* Release */,
			);
			defaultConfigurationIsVisible = 0;
			defaultConfigurationName = Release;
		};
/* End XCConfigurationList section */
	};
	rootObject = D2EA180818340B86003E7A30 /* Project object */;
}
